// !$*UTF8*$!
{
	archiveVersion = 1;
	classes = {
	};
	objectVersion = 77;
	objects = {

/* Begin PBXBuildFile section */
		000000000000000000000033 /* ScoreZoneApp.swift in Sources */ = {isa = PBXBuildFile; fileRef = 00000000000000000000000F /* ScoreZoneApp.swift */; };
		000000000000000000000034 /* AppEnums.swift in Sources */ = {isa = PBXBuildFile; fileRef = 000000000000000000000010 /* AppEnums.swift */; };
		000000000000000000000035 /* Game.swift in Sources */ = {isa = PBXBuildFile; fileRef = 000000000000000000000011 /* Game.swift */; };
		000000000000000000000036 /* HeadlineArticle.swift in Sources */ = {isa = PBXBuildFile; fileRef = 000000000000000000000012 /* HeadlineArticle.swift */; };
		000000000000000000000037 /* League.swift in Sources */ = {isa = PBXBuildFile; fileRef = 000000000000000000000013 /* League.swift */; };
		000000000000000000000038 /* StandingEntry.swift in Sources */ = {isa = PBXBuildFile; fileRef = 000000000000000000000014 /* StandingEntry.swift */; };
		000000000000000000000039 /* Team.swift in Sources */ = {isa = PBXBuildFile; fileRef = 000000000000000000000015 /* Team.swift */; };
		00000000000000000000003A /* UserStateModels.swift in Sources */ = {isa = PBXBuildFile; fileRef = 000000000000000000000016 /* UserStateModels.swift */; };
		00000000000000000000003B /* APIConfig.swift in Sources */ = {isa = PBXBuildFile; fileRef = 000000000000000000000017 /* APIConfig.swift */; };
		00000000000000000000003C /* SportsAPIClient.swift in Sources */ = {isa = PBXBuildFile; fileRef = 000000000000000000000018 /* SportsAPIClient.swift */; };
		00000000000000000000003D /* SportsRepository.swift in Sources */ = {isa = PBXBuildFile; fileRef = 000000000000000000000019 /* SportsRepository.swift */; };
		00000000000000000000003E /* AppPersistence.swift in Sources */ = {isa = PBXBuildFile; fileRef = 00000000000000000000001A /* AppPersistence.swift */; };
		00000000000000000000003F /* CacheStore.swift in Sources */ = {isa = PBXBuildFile; fileRef = 00000000000000000000001B /* CacheStore.swift */; };
		000000000000000000000040 /* AccessibilityID.swift in Sources */ = {isa = PBXBuildFile; fileRef = 00000000000000000000001C /* AccessibilityID.swift */; };
		000000000000000000000041 /* DateFormatting.swift in Sources */ = {isa = PBXBuildFile; fileRef = 00000000000000000000001D /* DateFormatting.swift */; };
		000000000000000000000042 /* SeedData.swift in Sources */ = {isa = PBXBuildFile; fileRef = 00000000000000000000001E /* SeedData.swift */; };
		000000000000000000000043 /* AppState.swift in Sources */ = {isa = PBXBuildFile; fileRef = 00000000000000000000001F /* AppState.swift */; };
		000000000000000000000044 /* FavoritesViewModel.swift in Sources */ = {isa = PBXBuildFile; fileRef = 000000000000000000000020 /* FavoritesViewModel.swift */; };
		000000000000000000000045 /* GameDetailViewModel.swift in Sources */ = {isa = PBXBuildFile; fileRef = 000000000000000000000021 /* GameDetailViewModel.swift */; };
		000000000000000000000046 /* HomeViewModel.swift in Sources */ = {isa = PBXBuildFile; fileRef = 000000000000000000000022 /* HomeViewModel.swift */; };
		000000000000000000000047 /* MenuViewModel.swift in Sources */ = {isa = PBXBuildFile; fileRef = 000000000000000000000023 /* MenuViewModel.swift */; };
		000000000000000000000048 /* ScoresViewModel.swift in Sources */ = {isa = PBXBuildFile; fileRef = 000000000000000000000024 /* ScoresViewModel.swift */; };
		000000000000000000000049 /* SearchViewModel.swift in Sources */ = {isa = PBXBuildFile; fileRef = 000000000000000000000025 /* SearchViewModel.swift */; };
		00000000000000000000004A /* TeamDetailViewModel.swift in Sources */ = {isa = PBXBuildFile; fileRef = 000000000000000000000026 /* TeamDetailViewModel.swift */; };
		00000000000000000000004B /* FavoritesView.swift in Sources */ = {isa = PBXBuildFile; fileRef = 000000000000000000000027 /* FavoritesView.swift */; };
		00000000000000000000004C /* GameDetailView.swift in Sources */ = {isa = PBXBuildFile; fileRef = 000000000000000000000028 /* GameDetailView.swift */; };
		00000000000000000000004D /* HomeView.swift in Sources */ = {isa = PBXBuildFile; fileRef = 000000000000000000000029 /* HomeView.swift */; };
		00000000000000000000004E /* MenuView.swift in Sources */ = {isa = PBXBuildFile; fileRef = 00000000000000000000002A /* MenuView.swift */; };
		00000000000000000000004F /* RootTabView.swift in Sources */ = {isa = PBXBuildFile; fileRef = 00000000000000000000002B /* RootTabView.swift */; };
		000000000000000000000050 /* ScoresView.swift in Sources */ = {isa = PBXBuildFile; fileRef = 00000000000000000000002C /* ScoresView.swift */; };
		000000000000000000000051 /* SearchView.swift in Sources */ = {isa = PBXBuildFile; fileRef = 00000000000000000000002D /* SearchView.swift */; };
		000000000000000000000052 /* StandingsView.swift in Sources */ = {isa = PBXBuildFile; fileRef = 00000000000000000000002E /* StandingsView.swift */; };
		000000000000000000000053 /* TeamDetailView.swift in Sources */ = {isa = PBXBuildFile; fileRef = 00000000000000000000002F /* TeamDetailView.swift */; };
		000000000000000000000054 /* Assets.xcassets in Resources */ = {isa = PBXBuildFile; fileRef = 000000000000000000000030 /* Assets.xcassets */; };
		000000000000000000000055 /* APIConfig.template.plist in Resources */ = {isa = PBXBuildFile; fileRef = 000000000000000000000031 /* APIConfig.template.plist */; };
		000000000000000000000060 /* TeamLogoView.swift in Sources */ = {isa = PBXBuildFile; fileRef = 00000000000000000000005E /* TeamLogoView.swift */; };
		000000000000000000000061 /* HeadlineThumbnailView.swift in Sources */ = {isa = PBXBuildFile; fileRef = 00000000000000000000005F /* HeadlineThumbnailView.swift */; };
		000000000000000000000065 /* WatchView.swift in Sources */ = {isa = PBXBuildFile; fileRef = 000000000000000000000062 /* WatchView.swift */; };
		000000000000000000000066 /* ScoreZonePlusView.swift in Sources */ = {isa = PBXBuildFile; fileRef = 000000000000000000000063 /* ScoreZonePlusView.swift */; };
		000000000000000000000067 /* ScoreZoneColors.swift in Sources */ = {isa = PBXBuildFile; fileRef = 000000000000000000000064 /* ScoreZoneColors.swift */; };
		000000000000000000000072 /* BoxScoreModels.swift in Sources */ = {isa = PBXBuildFile; fileRef = 000000000000000000000070 /* BoxScoreModels.swift */; };
		000000000000000000000073 /* BoxScoreGenerator.swift in Sources */ = {isa = PBXBuildFile; fileRef = 000000000000000000000071 /* BoxScoreGenerator.swift */; };
/* End PBXBuildFile section */

/* Begin PBXFileReference section */
		00000000000000000000000F /* ScoreZoneApp.swift */ = {isa = PBXFileReference; lastKnownFileType = sourcecode.swift; path = ScoreZoneApp.swift; sourceTree = "<group>"; };
		000000000000000000000010 /* AppEnums.swift */ = {isa = PBXFileReference; lastKnownFileType = sourcecode.swift; path = Models/AppEnums.swift; sourceTree = "<group>"; };
		000000000000000000000011 /* Game.swift */ = {isa = PBXFileReference; lastKnownFileType = sourcecode.swift; path = Models/Game.swift; sourceTree = "<group>"; };
		000000000000000000000012 /* HeadlineArticle.swift */ = {isa = PBXFileReference; lastKnownFileType = sourcecode.swift; path = Models/HeadlineArticle.swift; sourceTree = "<group>"; };
		000000000000000000000013 /* League.swift */ = {isa = PBXFileReference; lastKnownFileType = sourcecode.swift; path = Models/League.swift; sourceTree = "<group>"; };
		000000000000000000000014 /* StandingEntry.swift */ = {isa = PBXFileReference; lastKnownFileType = sourcecode.swift; path = Models/StandingEntry.swift; sourceTree = "<group>"; };
		000000000000000000000015 /* Team.swift */ = {isa = PBXFileReference; lastKnownFileType = sourcecode.swift; path = Models/Team.swift; sourceTree = "<group>"; };
		000000000000000000000016 /* UserStateModels.swift */ = {isa = PBXFileReference; lastKnownFileType = sourcecode.swift; path = Models/UserStateModels.swift; sourceTree = "<group>"; };
		000000000000000000000017 /* APIConfig.swift */ = {isa = PBXFileReference; lastKnownFileType = sourcecode.swift; path = Networking/APIConfig.swift; sourceTree = "<group>"; };
		000000000000000000000018 /* SportsAPIClient.swift */ = {isa = PBXFileReference; lastKnownFileType = sourcecode.swift; path = Networking/SportsAPIClient.swift; sourceTree = "<group>"; };
		000000000000000000000019 /* SportsRepository.swift */ = {isa = PBXFileReference; lastKnownFileType = sourcecode.swift; path = Networking/SportsRepository.swift; sourceTree = "<group>"; };
		00000000000000000000001A /* AppPersistence.swift */ = {isa = PBXFileReference; lastKnownFileType = sourcecode.swift; path = Persistence/AppPersistence.swift; sourceTree = "<group>"; };
		00000000000000000000001B /* CacheStore.swift */ = {isa = PBXFileReference; lastKnownFileType = sourcecode.swift; path = Persistence/CacheStore.swift; sourceTree = "<group>"; };
		00000000000000000000001C /* AccessibilityID.swift */ = {isa = PBXFileReference; lastKnownFileType = sourcecode.swift; path = Utilities/AccessibilityID.swift; sourceTree = "<group>"; };
		00000000000000000000001D /* DateFormatting.swift */ = {isa = PBXFileReference; lastKnownFileType = sourcecode.swift; path = Utilities/DateFormatting.swift; sourceTree = "<group>"; };
		00000000000000000000001E /* SeedData.swift */ = {isa = PBXFileReference; lastKnownFileType = sourcecode.swift; path = Utilities/SeedData.swift; sourceTree = "<group>"; };
		00000000000000000000001F /* AppState.swift */ = {isa = PBXFileReference; lastKnownFileType = sourcecode.swift; path = ViewModels/AppState.swift; sourceTree = "<group>"; };
		000000000000000000000020 /* FavoritesViewModel.swift */ = {isa = PBXFileReference; lastKnownFileType = sourcecode.swift; path = ViewModels/FavoritesViewModel.swift; sourceTree = "<group>"; };
		000000000000000000000021 /* GameDetailViewModel.swift */ = {isa = PBXFileReference; lastKnownFileType = sourcecode.swift; path = ViewModels/GameDetailViewModel.swift; sourceTree = "<group>"; };
		000000000000000000000022 /* HomeViewModel.swift */ = {isa = PBXFileReference; lastKnownFileType = sourcecode.swift; path = ViewModels/HomeViewModel.swift; sourceTree = "<group>"; };
		000000000000000000000023 /* MenuViewModel.swift */ = {isa = PBXFileReference; lastKnownFileType = sourcecode.swift; path = ViewModels/MenuViewModel.swift; sourceTree = "<group>"; };
		000000000000000000000024 /* ScoresViewModel.swift */ = {isa = PBXFileReference; lastKnownFileType = sourcecode.swift; path = ViewModels/ScoresViewModel.swift; sourceTree = "<group>"; };
		000000000000000000000025 /* SearchViewModel.swift */ = {isa = PBXFileReference; lastKnownFileType = sourcecode.swift; path = ViewModels/SearchViewModel.swift; sourceTree = "<group>"; };
		000000000000000000000026 /* TeamDetailViewModel.swift */ = {isa = PBXFileReference; lastKnownFileType = sourcecode.swift; path = ViewModels/TeamDetailViewModel.swift; sourceTree = "<group>"; };
		000000000000000000000027 /* FavoritesView.swift */ = {isa = PBXFileReference; lastKnownFileType = sourcecode.swift; path = Views/FavoritesView.swift; sourceTree = "<group>"; };
		000000000000000000000028 /* GameDetailView.swift */ = {isa = PBXFileReference; lastKnownFileType = sourcecode.swift; path = Views/GameDetailView.swift; sourceTree = "<group>"; };
		000000000000000000000029 /* HomeView.swift */ = {isa = PBXFileReference; lastKnownFileType = sourcecode.swift; path = Views/HomeView.swift; sourceTree = "<group>"; };
		00000000000000000000002A /* MenuView.swift */ = {isa = PBXFileReference; lastKnownFileType = sourcecode.swift; path = Views/MenuView.swift; sourceTree = "<group>"; };
		00000000000000000000002B /* RootTabView.swift */ = {isa = PBXFileReference; lastKnownFileType = sourcecode.swift; path = Views/RootTabView.swift; sourceTree = "<group>"; };
		00000000000000000000002C /* ScoresView.swift */ = {isa = PBXFileReference; lastKnownFileType = sourcecode.swift; path = Views/ScoresView.swift; sourceTree = "<group>"; };
		00000000000000000000002D /* SearchView.swift */ = {isa = PBXFileReference; lastKnownFileType = sourcecode.swift; path = Views/SearchView.swift; sourceTree = "<group>"; };
		00000000000000000000002E /* StandingsView.swift */ = {isa = PBXFileReference; lastKnownFileType = sourcecode.swift; path = Views/StandingsView.swift; sourceTree = "<group>"; };
		00000000000000000000002F /* TeamDetailView.swift */ = {isa = PBXFileReference; lastKnownFileType = sourcecode.swift; path = Views/TeamDetailView.swift; sourceTree = "<group>"; };
		000000000000000000000030 /* Assets.xcassets */ = {isa = PBXFileReference; lastKnownFileType = folder.assetcatalog; path = Assets.xcassets; sourceTree = "<group>"; };
		000000000000000000000031 /* APIConfig.template.plist */ = {isa = PBXFileReference; lastKnownFileType = text.plist.xml; path = Resources/APIConfig.template.plist; sourceTree = "<group>"; };
		000000000000000000000032 /* Info.plist */ = {isa = PBXFileReference; lastKnownFileType = text.plist.xml; path = Info.plist; sourceTree = "<group>"; };
		00000000000000000000005E /* TeamLogoView.swift */ = {isa = PBXFileReference; lastKnownFileType = sourcecode.swift; path = Views/TeamLogoView.swift; sourceTree = "<group>"; };
		00000000000000000000005F /* HeadlineThumbnailView.swift */ = {isa = PBXFileReference; lastKnownFileType = sourcecode.swift; path = Views/HeadlineThumbnailView.swift; sourceTree = "<group>"; };
		000000000000000000000062 /* WatchView.swift */ = {isa = PBXFileReference; lastKnownFileType = sourcecode.swift; path = Views/WatchView.swift; sourceTree = "<group>"; };
		000000000000000000000063 /* ScoreZonePlusView.swift */ = {isa = PBXFileReference; lastKnownFileType = sourcecode.swift; path = Views/ScoreZonePlusView.swift; sourceTree = "<group>"; };
		000000000000000000000064 /* ScoreZoneColors.swift */ = {isa = PBXFileReference; lastKnownFileType = sourcecode.swift; path = Utilities/ScoreZoneColors.swift; sourceTree = "<group>"; };
		000000000000000000000070 /* BoxScoreModels.swift */ = {isa = PBXFileReference; lastKnownFileType = sourcecode.swift; path = Models/BoxScoreModels.swift; sourceTree = "<group>"; };
		000000000000000000000071 /* BoxScoreGenerator.swift */ = {isa = PBXFileReference; lastKnownFileType = sourcecode.swift; path = Utilities/BoxScoreGenerator.swift; sourceTree = "<group>"; };
		000000000000000000000006 /* ScoreZone.app */ = {isa = PBXFileReference; explicitFileType = wrapper.application; includeInIndex = 0; path = ScoreZone.app; sourceTree = BUILT_PRODUCTS_DIR; };
/* End PBXFileReference section */

/* Begin PBXGroup section */
		000000000000000000000004 /* Products */ = {
			isa = PBXGroup;
			children = (
				000000000000000000000006 /* ScoreZone.app */,
			);
			name = Products;
			sourceTree = "<group>";
		};
		000000000000000000000005 /* ScoreZone */ = {
			isa = PBXGroup;
			children = (
				000000000000000000000030 /* Assets.xcassets */,
				00000000000000000000000F /* ScoreZoneApp.swift */,
				000000000000000000000032 /* Info.plist */,
				000000000000000000000010 /* AppEnums.swift */,
				000000000000000000000011 /* Game.swift */,
				000000000000000000000012 /* HeadlineArticle.swift */,
				000000000000000000000013 /* League.swift */,
				000000000000000000000014 /* StandingEntry.swift */,
				000000000000000000000015 /* Team.swift */,
				000000000000000000000016 /* UserStateModels.swift */,
				000000000000000000000017 /* APIConfig.swift */,
				000000000000000000000018 /* SportsAPIClient.swift */,
				000000000000000000000019 /* SportsRepository.swift */,
				00000000000000000000001A /* AppPersistence.swift */,
				00000000000000000000001B /* CacheStore.swift */,
				000000000000000000000031 /* APIConfig.template.plist */,
				00000000000000000000001C /* AccessibilityID.swift */,
				00000000000000000000001D /* DateFormatting.swift */,
				00000000000000000000001E /* SeedData.swift */,
				00000000000000000000001F /* AppState.swift */,
				000000000000000000000020 /* FavoritesViewModel.swift */,
				000000000000000000000021 /* GameDetailViewModel.swift */,
				000000000000000000000022 /* HomeViewModel.swift */,
				000000000000000000000023 /* MenuViewModel.swift */,
				000000000000000000000024 /* ScoresViewModel.swift */,
				000000000000000000000025 /* SearchViewModel.swift */,
				000000000000000000000026 /* TeamDetailViewModel.swift */,
				000000000000000000000027 /* FavoritesView.swift */,
				000000000000000000000028 /* GameDetailView.swift */,
				000000000000000000000029 /* HomeView.swift */,
				00000000000000000000002A /* MenuView.swift */,
				00000000000000000000002B /* RootTabView.swift */,
				00000000000000000000002C /* ScoresView.swift */,
				00000000000000000000002D /* SearchView.swift */,
				00000000000000000000002E /* StandingsView.swift */,
				00000000000000000000002F /* TeamDetailView.swift */,
				00000000000000000000005E /* TeamLogoView.swift */,
				00000000000000000000005F /* HeadlineThumbnailView.swift */,
				000000000000000000000062 /* WatchView.swift */,
				000000000000000000000063 /* ScoreZonePlusView.swift */,
				000000000000000000000064 /* ScoreZoneColors.swift */,
				000000000000000000000070 /* BoxScoreModels.swift */,
				000000000000000000000071 /* BoxScoreGenerator.swift */,
			);
			path = ScoreZone;
			sourceTree = "<group>";
		};
		000000000000000000000003 = {
			isa = PBXGroup;
			children = (
				000000000000000000000005 /* ScoreZone */,
				000000000000000000000004 /* Products */,
			);
			sourceTree = "<group>";
		};
/* End PBXGroup section */

/* Begin PBXNativeTarget section */
		000000000000000000000002 /* ScoreZone */ = {
			isa = PBXNativeTarget;
			buildConfigurationList = 00000000000000000000000A /* Build configuration list for PBXNativeTarget "ScoreZone" */;
			buildPhases = (
				000000000000000000000007 /* Sources */,
				000000000000000000000008 /* Resources */,
			);
			buildRules = (
			);
			dependencies = (
			);
			name = ScoreZone;
			packageProductDependencies = (
			);
			productName = ScoreZone;
			productReference = 000000000000000000000006 /* ScoreZone.app */;
			productType = "com.apple.product-type.application";
		};
/* End PBXNativeTarget section */

/* Begin PBXProject section */
		000000000000000000000001 /* Project object */ = {
			isa = PBXProject;
			attributes = {
				BuildIndependentTargetsInParallel = YES;
				LastUpgradeCheck = 1600;
				TargetAttributes = {
					000000000000000000000002 = {
						DevelopmentTeam = "";
					};
				};
			};
			buildConfigurationList = 000000000000000000000009 /* Build configuration list for PBXProject "ScoreZone" */;
			compatibilityVersion = "Xcode 14.0";
			developmentRegion = en;
			hasScannedForEncodings = 0;
			knownRegions = (
				en,
			);
			mainGroup = 000000000000000000000003;
			minimizedProjectReferenceProxies = 1;
			preferredProjectObjectVersion = 77;
			projectDirPath = "";
			projectRoot = "";
			targets = (
				000000000000000000000002 /* ScoreZone */,
			);
		};
/* End PBXProject section */

/* Begin PBXResourcesBuildPhase section */
		000000000000000000000008 /* Resources */ = {
			isa = PBXResourcesBuildPhase;
			buildActionMask = 2147483647;
			files = (
				000000000000000000000054 /* Assets.xcassets in Resources */,
				000000000000000000000055 /* APIConfig.template.plist in Resources */,
			);
			runOnlyForDeploymentPostprocessing = 0;
		};
/* End PBXResourcesBuildPhase section */

/* Begin PBXSourcesBuildPhase section */
		000000000000000000000007 /* Sources */ = {
			isa = PBXSourcesBuildPhase;
			buildActionMask = 2147483647;
			files = (
				000000000000000000000033 /* ScoreZoneApp.swift in Sources */,
				000000000000000000000034 /* AppEnums.swift in Sources */,
				000000000000000000000035 /* Game.swift in Sources */,
				000000000000000000000036 /* HeadlineArticle.swift in Sources */,
				000000000000000000000037 /* League.swift in Sources */,
				000000000000000000000038 /* StandingEntry.swift in Sources */,
				000000000000000000000039 /* Team.swift in Sources */,
				00000000000000000000003A /* UserStateModels.swift in Sources */,
				00000000000000000000003B /* APIConfig.swift in Sources */,
				00000000000000000000003C /* SportsAPIClient.swift in Sources */,
				00000000000000000000003D /* SportsRepository.swift in Sources */,
				00000000000000000000003E /* AppPersistence.swift in Sources */,
				00000000000000000000003F /* CacheStore.swift in Sources */,
				000000000000000000000040 /* AccessibilityID.swift in Sources */,
				000000000000000000000041 /* DateFormatting.swift in Sources */,
				000000000000000000000042 /* SeedData.swift in Sources */,
				000000000000000000000043 /* AppState.swift in Sources */,
				000000000000000000000044 /* FavoritesViewModel.swift in Sources */,
				000000000000000000000045 /* GameDetailViewModel.swift in Sources */,
				000000000000000000000046 /* HomeViewModel.swift in Sources */,
				000000000000000000000047 /* MenuViewModel.swift in Sources */,
				000000000000000000000048 /* ScoresViewModel.swift in Sources */,
				000000000000000000000049 /* SearchViewModel.swift in Sources */,
				00000000000000000000004A /* TeamDetailViewModel.swift in Sources */,
				00000000000000000000004B /* FavoritesView.swift in Sources */,
				00000000000000000000004C /* GameDetailView.swift in Sources */,
				00000000000000000000004D /* HomeView.swift in Sources */,
				00000000000000000000004E /* MenuView.swift in Sources */,
				00000000000000000000004F /* RootTabView.swift in Sources */,
				000000000000000000000050 /* ScoresView.swift in Sources */,
				000000000000000000000051 /* SearchView.swift in Sources */,
				000000000000000000000052 /* StandingsView.swift in Sources */,
				000000000000000000000053 /* TeamDetailView.swift in Sources */,
				000000000000000000000060 /* TeamLogoView.swift in Sources */,
				000000000000000000000061 /* HeadlineThumbnailView.swift in Sources */,
				000000000000000000000065 /* WatchView.swift in Sources */,
				000000000000000000000066 /* ScoreZonePlusView.swift in Sources */,
				000000000000000000000067 /* ScoreZoneColors.swift in Sources */,
				000000000000000000000072 /* BoxScoreModels.swift in Sources */,
				000000000000000000000073 /* BoxScoreGenerator.swift in Sources */,
			);
			runOnlyForDeploymentPostprocessing = 0;
		};
/* End PBXSourcesBuildPhase section */

/* Begin XCBuildConfiguration section */
		00000000000000000000000B /* Debug */ = {
			isa = XCBuildConfiguration;
			buildSettings = {
				ALWAYS_SEARCH_USER_PATHS = NO;
				CLANG_ENABLE_MODULES = YES;
				CLANG_ENABLE_OBJC_ARC = YES;
				GCC_C_LANGUAGE_STANDARD = gnu11;
				GCC_NO_COMMON_BLOCKS = YES;
				GCC_OPTIMIZATION_LEVEL = 0;
				GCC_PREPROCESSOR_DEFINITIONS = (
					"$(inherited)",
					"DEBUG=1",
				);
				SWIFT_ACTIVE_COMPILATION_CONDITIONS = DEBUG;
				SWIFT_OPTIMIZATION_LEVEL = "-Onone";
				SWIFT_VERSION = 5.0;
			};
			name = Debug;
		};
		00000000000000000000000C /* Release */ = {
			isa = XCBuildConfiguration;
			buildSettings = {
				ALWAYS_SEARCH_USER_PATHS = NO;
				CLANG_ENABLE_MODULES = YES;
				CLANG_ENABLE_OBJC_ARC = YES;
				GCC_C_LANGUAGE_STANDARD = gnu11;
				GCC_NO_COMMON_BLOCKS = YES;
				SWIFT_COMPILATION_MODE = wholemodule;
				SWIFT_OPTIMIZATION_LEVEL = "-O";
				SWIFT_VERSION = 5.0;
			};
			name = Release;
		};
		00000000000000000000000D /* Debug */ = {
			isa = XCBuildConfiguration;
			buildSettings = {
				ASSETCATALOG_COMPILER_APPICON_NAME = AppIcon;
				ASSETCATALOG_COMPILER_GLOBAL_ACCENT_COLOR_NAME = AccentColor;
				CODE_SIGN_IDENTITY = "";
				CODE_SIGNING_ALLOWED = YES;
				CODE_SIGNING_REQUIRED = NO;
				CURRENT_PROJECT_VERSION = 1;
				DEVELOPMENT_TEAM = "";
				INFOPLIST_FILE = ScoreZone/Info.plist;
				IPHONEOS_DEPLOYMENT_TARGET = 17.0;
				LD_RUNPATH_SEARCH_PATHS = (
					"$(inherited)",
					"@executable_path/Frameworks",
				);
				MARKETING_VERSION = 1.0;
				PRODUCT_BUNDLE_IDENTIFIER = com.iosworld.benchmark.scorezone;
				PRODUCT_NAME = "$(TARGET_NAME)";
				SDKROOT = iphoneos;
				SWIFT_VERSION = 5.0;
				TARGETED_DEVICE_FAMILY = 1;
				SWIFT_ACTIVE_COMPILATION_CONDITIONS = DEBUG;
				SWIFT_OPTIMIZATION_LEVEL = "-Onone";
			};
			name = Debug;
		};
		00000000000000000000000E /* Release */ = {
			isa = XCBuildConfiguration;
			buildSettings = {
				ASSETCATALOG_COMPILER_APPICON_NAME = AppIcon;
				ASSETCATALOG_COMPILER_GLOBAL_ACCENT_COLOR_NAME = AccentColor;
				CODE_SIGN_IDENTITY = "";
				CODE_SIGNING_ALLOWED = YES;
				CODE_SIGNING_REQUIRED = NO;
				CURRENT_PROJECT_VERSION = 1;
				DEVELOPMENT_TEAM = "";
				INFOPLIST_FILE = ScoreZone/Info.plist;
				IPHONEOS_DEPLOYMENT_TARGET = 17.0;
				LD_RUNPATH_SEARCH_PATHS = (
					"$(inherited)",
					"@executable_path/Frameworks",
				);
				MARKETING_VERSION = 1.0;
				PRODUCT_BUNDLE_IDENTIFIER = com.iosworld.benchmark.scorezone;
				PRODUCT_NAME = "$(TARGET_NAME)";
				SDKROOT = iphoneos;
				SWIFT_VERSION = 5.0;
				TARGETED_DEVICE_FAMILY = 1;
				SWIFT_COMPILATION_MODE = wholemodule;
				SWIFT_OPTIMIZATION_LEVEL = "-O";
			};
			name = Release;
		};
/* End XCBuildConfiguration section */

/* Begin XCConfigurationList section */
		00000000000000000000000A /* Build configuration list for PBXNativeTarget "ScoreZone" */ = {
			isa = XCConfigurationList;
			buildConfigurations = (
				00000000000000000000000D /* Debug */,
				00000000000000000000000E /* Release */,
			);
			defaultConfigurationIsVisible = 0;
			defaultConfigurationName = Debug;
		};
		000000000000000000000009 /* Build configuration list for PBXProject "ScoreZone" */ = {
			isa = XCConfigurationList;
			buildConfigurations = (
				00000000000000000000000B /* Debug */,
				00000000000000000000000C /* Release */,
			);
			defaultConfigurationIsVisible = 0;
			defaultConfigurationName = Debug;
		};
/* End XCConfigurationList section */
	};
	rootObject = 000000000000000000000001 /* Project object */;
}
